
Microsoft Visual Studio Solution File, Format Version 12.00
# Visual Studio 15
VisualStudioVersion = 15.0.27703.2047
MinimumVisualStudioVersion = 10.0.40219.1
Project("{FAE04EC0-301F-11D3-BF4B-00C04F79EFBC}") = "CalculatorApp", "CalculatorApp\CalculatorApp.csproj", "{93E5C4F6-72AC-4500-A8AC-E4654D1E153E}"
EndProject
Project("{FAE04EC0-301F-11D3-BF4B-00C04F79EFBC}") = "CalculatorAppTest1", "CalculatorAppTest1\CalculatorAppTest1.csproj", "{575A7FAF-EA29-4429-B37D-31135B866CB1}"
EndProject
Global
	GlobalSection(SolutionConfigurationPlatforms) = preSolution
		Debug|Any CPU = Debug|Any CPU
		Release|Any CPU = Release|Any CPU
	EndGlobalSection
	GlobalSection(ProjectConfigurationPlatforms) = postSolution
		{93E5C4F6-72AC-4500-A8AC-E4654D1E153E}.Debug|Any CPU.ActiveCfg = Debug|Any CPU
		{93E5C4F6-72AC-4500-A8AC-E4654D1E153E}.Debug|Any CPU.Build.0 = Debug|Any CPU
		{93E5C4F6-72AC-4500-A8AC-E4654D1E153E}.Release|Any CPU.ActiveCfg = Release|Any CPU
		{93E5C4F6-72AC-4500-A8AC-E4654D1E153E}.Release|Any CPU.Build.0 = Release|Any CPU
		{575A7FAF-EA29-4429-B37D-31135B866CB1}.Debug|Any CPU.ActiveCfg = Debug|Any CPU
		{575A7FAF-EA29-4429-B37D-31135B866CB1}.Debug|Any CPU.Build.0 = Debug|Any CPU
		{575A7FAF-EA29-4429-B37D-31135B866CB1}.Release|Any CPU.ActiveCfg = Release|Any CPU
		{575A7FAF-EA29-4429-B37D-31135B866CB1}.Release|Any CPU.Build.0 = Release|Any CPU
	EndGlobalSection
	GlobalSection(SolutionProperties) = preSolution
		HideSolutionNode = FALSE
	EndGlobalSection
	GlobalSection(ExtensibilityGlobals) = postSolution
		SolutionGuid = {D4F35F2F-3BD9-4D6E-845F-4DDE1D3124CD}
	EndGlobalSection
EndGlobal
