
Microsoft Visual Studio Solution File, Format Version 12.00
# Visual Studio 15
VisualStudioVersion = 15.0.27703.2047
MinimumVisualStudioVersion = 10.0.40219.1
Project("{FAE04EC0-301F-11D3-BF4B-00C04F79EFBC}") = "Threading_Demo1", "Threading_Demo1\Threading_Demo1.csproj", "{AFBC56EB-8902-4F8F-804F-C5C079032692}"
EndProject
Global
	GlobalSection(SolutionConfigurationPlatforms) = preSolution
		Debug|Any CPU = Debug|Any CPU
		Release|Any CPU = Release|Any CPU
	EndGlobalSection
	GlobalSection(ProjectConfigurationPlatforms) = postSolution
		{AFBC56EB-8902-4F8F-804F-C5C079032692}.Debug|Any CPU.ActiveCfg = Debug|Any CPU
		{AFBC56EB-8902-4F8F-804F-C5C079032692}.Debug|Any CPU.Build.0 = Debug|Any CPU
		{AFBC56EB-8902-4F8F-804F-C5C079032692}.Release|Any CPU.ActiveCfg = Release|Any CPU
		{AFBC56EB-8902-4F8F-804F-C5C079032692}.Release|Any CPU.Build.0 = Release|Any CPU
	EndGlobalSection
	GlobalSection(SolutionProperties) = preSolution
		HideSolutionNode = FALSE
	EndGlobalSection
	GlobalSection(ExtensibilityGlobals) = postSolution
		SolutionGuid = {5FA251F2-5AC1-4FCF-9BEF-D2DC88E9D563}
	EndGlobalSection
EndGlobal
